// !$*UTF8*$!
{
	archiveVersion = 1;
	classes = {
	};
	objectVersion = 50;
	objects = {

/* Begin PBXBuildFile section */
		182B39E422CB5CD600D79C5D /* AppDelegate.swift in Sources */ = {isa = PBXBuildFile; fileRef = 182B39E322CB5CD600D79C5D /* AppDelegate.swift */; };
		182B39E622CB5CD600D79C5D /* ViewController.swift in Sources */ = {isa = PBXBuildFile; fileRef = 182B39E522CB5CD600D79C5D /* ViewController.swift */; };
		182B39E922CB5CD600D79C5D /* Main.storyboard in Resources */ = {isa = PBXBuildFile; fileRef = 182B39E722CB5CD600D79C5D /* Main.storyboard */; };
		182B39EB22CB5CD700D79C5D /* Assets.xcassets in Resources */ = {isa = PBXBuildFile; fileRef = 182B39EA22CB5CD700D79C5D /* Assets.xcassets */; };
		182B39EE22CB5CD700D79C5D /* LaunchScreen.storyboard in Resources */ = {isa = PBXBuildFile; fileRef = 182B39EC22CB5CD700D79C5D /* LaunchScreen.storyboard */; };
		3B1E119E29540F1B0058D81F /* PinTextField.swift in Sources */ = {isa = PBXBuildFile; fileRef = 3B1E119B29540F1B0058D81F /* PinTextField.swift */; };
		3B1E119F29540F1B0058D81F /* PinConfig.swift in Sources */ = {isa = PBXBuildFile; fileRef = 3B1E119C29540F1B0058D81F /* PinConfig.swift */; };
		3B1E11A029540F1B0058D81F /* PinView.swift in Sources */ = {isa = PBXBuildFile; fileRef = 3B1E119D29540F1B0058D81F /* PinView.swift */; };
/* End PBXBuildFile section */

/* Begin PBXFileReference section */
		182B39E022CB5CD600D79C5D /* KPassCode.app */ = {isa = PBXFileReference; explicitFileType = wrapper.application; includeInIndex = 0; path = KPassCode.app; sourceTree = BUILT_PRODUCTS_DIR; };
		182B39E322CB5CD600D79C5D /* AppDelegate.swift */ = {isa = PBXFileReference; lastKnownFileType = sourcecode.swift; path = AppDelegate.swift; sourceTree = "<group>"; };
		182B39E522CB5CD600D79C5D /* ViewController.swift */ = {isa = PBXFileReference; lastKnownFileType = sourcecode.swift; path = ViewController.swift; sourceTree = "<group>"; };
		182B39E822CB5CD600D79C5D /* Base */ = {isa = PBXFileReference; lastKnownFileType = file.storyboard; name = Base; path = Base.lproj/Main.storyboard; sourceTree = "<group>"; };
		182B39EA22CB5CD700D79C5D /* Assets.xcassets */ = {isa = PBXFileReference; lastKnownFileType = folder.assetcatalog; path = Assets.xcassets; sourceTree = "<group>"; };
		182B39ED22CB5CD700D79C5D /* Base */ = {isa = PBXFileReference; lastKnownFileType = file.storyboard; name = Base; path = Base.lproj/LaunchScreen.storyboard; sourceTree = "<group>"; };
		182B39EF22CB5CD700D79C5D /* Info.plist */ = {isa = PBXFileReference; lastKnownFileType = text.plist.xml; path = Info.plist; sourceTree = "<group>"; };
		3B1E119B29540F1B0058D81F /* PinTextField.swift */ = {isa = PBXFileReference; fileEncoding = 4; lastKnownFileType = sourcecode.swift; path = PinTextField.swift; sourceTree = "<group>"; };
		3B1E119C29540F1B0058D81F /* PinConfig.swift */ = {isa = PBXFileReference; fileEncoding = 4; lastKnownFileType = sourcecode.swift; path = PinConfig.swift; sourceTree = "<group>"; };
		3B1E119D29540F1B0058D81F /* PinView.swift */ = {isa = PBXFileReference; fileEncoding = 4; lastKnownFileType = sourcecode.swift; path = PinView.swift; sourceTree = "<group>"; };
/* End PBXFileReference section */

/* Begin PBXFrameworksBuildPhase section */
		182B39DD22CB5CD600D79C5D /* Frameworks */ = {
			isa = PBXFrameworksBuildPhase;
			buildActionMask = 2147483647;
			files = (
			);
			runOnlyForDeploymentPostprocessing = 0;
		};
/* End PBXFrameworksBuildPhase section */

/* Begin PBXGroup section */
		182B39D722CB5CD600D79C5D = {
			isa = PBXGroup;
			children = (
				182B39E222CB5CD600D79C5D /* KPassCode */,
				182B39E122CB5CD600D79C5D /* Products */,
			);
			sourceTree = "<group>";
		};
		182B39E122CB5CD600D79C5D /* Products */ = {
			isa = PBXGroup;
			children = (
				182B39E022CB5CD600D79C5D /* KPassCode.app */,
			);
			name = Products;
			sourceTree = "<group>";
		};
		182B39E222CB5CD600D79C5D /* KPassCode */ = {
			isa = PBXGroup;
			children = (
				3B1E119A29540F1B0058D81F /* Source */,
				182B39E322CB5CD600D79C5D /* AppDelegate.swift */,
				182B39E522CB5CD600D79C5D /* ViewController.swift */,
				182B39E722CB5CD600D79C5D /* Main.storyboard */,
				182B39EA22CB5CD700D79C5D /* Assets.xcassets */,
				182B39EC22CB5CD700D79C5D /* LaunchScreen.storyboard */,
				182B39EF22CB5CD700D79C5D /* Info.plist */,
			);
			path = KPassCode;
			sourceTree = "<group>";
		};
		3B1E119A29540F1B0058D81F /* Source */ = {
			isa = PBXGroup;
			children = (
				3B1E119B29540F1B0058D81F /* PinTextField.swift */,
				3B1E119C29540F1B0058D81F /* PinConfig.swift */,
				3B1E119D29540F1B0058D81F /* PinView.swift */,
			);
			path = Source;
			sourceTree = "<group>";
		};
/* End PBXGroup section */

/* Begin PBXNativeTarget section */
		182B39DF22CB5CD600D79C5D /* KPassCode */ = {
			isa = PBXNativeTarget;
			buildConfigurationList = 182B39F222CB5CD700D79C5D /* Build configuration list for PBXNativeTarget "KPassCode" */;
			buildPhases = (
				182B39DC22CB5CD600D79C5D /* Sources */,
				182B39DD22CB5CD600D79C5D /* Frameworks */,
				182B39DE22CB5CD600D79C5D /* Resources */,
			);
			buildRules = (
			);
			dependencies = (
			);
			name = KPassCode;
			productName = KPassCode;
			productReference = 182B39E022CB5CD600D79C5D /* KPassCode.app */;
			productType = "com.apple.product-type.application";
		};
/* End PBXNativeTarget section */

/* Begin PBXProject section */
		182B39D822CB5CD600D79C5D /* Project object */ = {
			isa = PBXProject;
			attributes = {
				LastSwiftUpdateCheck = 1010;
				LastUpgradeCheck = 1010;
				ORGANIZATIONNAME = "Konstant info Solutions Pvt. Ltd.";
				TargetAttributes = {
					182B39DF22CB5CD600D79C5D = {
						CreatedOnToolsVersion = 10.1;
					};
				};
			};
			buildConfigurationList = 182B39DB22CB5CD600D79C5D /* Build configuration list for PBXProject "KPassCode" */;
			compatibilityVersion = "Xcode 9.3";
			developmentRegion = en;
			hasScannedForEncodings = 0;
			knownRegions = (
				en,
				Base,
			);
			mainGroup = 182B39D722CB5CD600D79C5D;
			productRefGroup = 182B39E122CB5CD600D79C5D /* Products */;
			projectDirPath = "";
			projectRoot = "";
			targets = (
				182B39DF22CB5CD600D79C5D /* KPassCode */,
			);
		};
/* End PBXProject section */

/* Begin PBXResourcesBuildPhase section */
		182B39DE22CB5CD600D79C5D /* Resources */ = {
			isa = PBXResourcesBuildPhase;
			buildActionMask = 2147483647;
			files = (
				182B39EE22CB5CD700D79C5D /* LaunchScreen.storyboard in Resources */,
				182B39EB22CB5CD700D79C5D /* Assets.xcassets in Resources */,
				182B39E922CB5CD600D79C5D /* Main.storyboard in Resources */,
			);
			runOnlyForDeploymentPostprocessing = 0;
		};
/* End PBXResourcesBuildPhase section */

/* Begin PBXSourcesBuildPhase section */
		182B39DC22CB5CD600D79C5D /* Sources */ = {
			isa = PBXSourcesBuildPhase;
			buildActionMask = 2147483647;
			files = (
				3B1E11A029540F1B0058D81F /* PinView.swift in Sources */,
				182B39E622CB5CD600D79C5D /* ViewController.swift in Sources */,
				3B1E119E29540F1B0058D81F /* PinTextField.swift in Sources */,
				182B39E422CB5CD600D79C5D /* AppDelegate.swift in Sources */,
				3B1E119F29540F1B0058D81F /* PinConfig.swift in Sources */,
			);
			runOnlyForDeploymentPostprocessing = 0;
		};
/* End PBXSourcesBuildPhase section */

/* Begin PBXVariantGroup section */
		182B39E722CB5CD600D79C5D /* Main.storyboard */ = {
			isa = PBXVariantGroup;
			children = (
				182B39E822CB5CD600D79C5D /* Base */,
			);
			name = Main.storyboard;
			sourceTree = "<group>";
		};
		182B39EC22CB5CD700D79C5D /* LaunchScreen.storyboard */ = {
			isa = PBXVariantGroup;
			children = (
				182B39ED22CB5CD700D79C5D /* Base */,
			);
			name = LaunchScreen.storyboard;
			sourceTree = "<group>";
		};
/* End PBXVariantGroup section */

/* Begin XCBuildConfiguration section */
		182B39F022CB5CD700D79C5D /* Debug */ = {
			isa = XCBuildConfiguration;
			buildSettings = {
				ALWAYS_SEARCH_USER_PATHS = NO;
				CLANG_ANALYZER_NONNULL = YES;
				CLANG_ANALYZER_NUMBER_OBJECT_CONVERSION = YES_AGGRESSIVE;
				CLANG_CXX_LANGUAGE_STANDARD = "gnu++14";
				CLANG_CXX_LIBRARY = "libc++";
				CLANG_ENABLE_MODULES = YES;
				CLANG_ENABLE_OBJC_ARC = YES;
				CLANG_ENABLE_OBJC_WEAK = YES;
				CLANG_WARN_BLOCK_CAPTURE_AUTORELEASING = YES;
				CLANG_WARN_BOOL_CONVERSION = YES;
				CLANG_WARN_COMMA = YES;
				CLANG_WARN_CONSTANT_CONVERSION = YES;
				CLANG_WARN_DEPRECATED_OBJC_IMPLEMENTATIONS = YES;
				CLANG_WARN_DIRECT_OBJC_ISA_USAGE = YES_ERROR;
				CLANG_WARN_DOCUMENTATION_COMMENTS = YES;
				CLANG_WARN_EMPTY_BODY = YES;
				CLANG_WARN_ENUM_CONVERSION = YES;
				CLANG_WARN_INFINITE_RECURSION = YES;
				CLANG_WARN_INT_CONVERSION = YES;
				CLANG_WARN_NON_LITERAL_NULL_CONVERSION = YES;
				CLANG_WARN_OBJC_IMPLICIT_RETAIN_SELF = YES;
				CLANG_WARN_OBJC_LITERAL_CONVERSION = YES;
				CLANG_WARN_OBJC_ROOT_CLASS = YES_ERROR;
				CLANG_WARN_RANGE_LOOP_ANALYSIS = YES;
				CLANG_WARN_STRICT_PROTOTYPES = YES;
				CLANG_WARN_SUSPICIOUS_MOVE = YES;
				CLANG_WARN_UNGUARDED_AVAILABILITY = YES_AGGRESSIVE;
				CLANG_WARN_UNREACHABLE_CODE = YES;
				CLANG_WARN__DUPLICATE_METHOD_MATCH = YES;
				CODE_SIGN_IDENTITY = "iPhone Developer";
				COPY_PHASE_STRIP = NO;
				DEBUG_INFORMATION_FORMAT = dwarf;
				ENABLE_STRICT_OBJC_MSGSEND = YES;
				ENABLE_TESTABILITY = YES;
				GCC_C_LANGUAGE_STANDARD = gnu11;
				GCC_DYNAMIC_NO_PIC = NO;
				GCC_NO_COMMON_BLOCKS = YES;
				GCC_OPTIMIZATION_LEVEL = 0;
				GCC_PREPROCESSOR_DEFINITIONS = (
					"DEBUG=1",
					"$(inherited)",
				);
				GCC_WARN_64_TO_32_BIT_CONVERSION = YES;
				GCC_WARN_ABOUT_RETURN_TYPE = YES_ERROR;
				GCC_WARN_UNDECLARED_SELECTOR = YES;
				GCC_WARN_UNINITIALIZED_AUTOS = YES_AGGRESSIVE;
				GCC_WARN_UNUSED_FUNCTION = YES;
				GCC_WARN_UNUSED_VARIABLE = YES;
				IPHONEOS_DEPLOYMENT_TARGET = 12.1;
				MTL_ENABLE_DEBUG_INFO = INCLUDE_SOURCE;
				MTL_FAST_MATH = YES;
				ONLY_ACTIVE_ARCH = YES;
				SDKROOT = iphoneos;
				SWIFT_ACTIVE_COMPILATION_CONDITIONS = DEBUG;
				SWIFT_OPTIMIZATION_LEVEL = "-Onone";
			};
			name = Debug;
		};
		182B39F122CB5CD700D79C5D /* Release */ = {
			isa = XCBuildConfiguration;
			buildSettings = {
				ALWAYS_SEARCH_USER_PATHS = NO;
				CLANG_ANALYZER_NONNULL = YES;
				CLANG_ANALYZER_NUMBER_OBJECT_CONVERSION = YES_AGGRESSIVE;
				CLANG_CXX_LANGUAGE_STANDARD = "gnu++14";
				CLANG_CXX_LIBRARY = "libc++";
				CLANG_ENABLE_MODULES = YES;
				CLANG_ENABLE_OBJC_ARC = YES;
				CLANG_ENABLE_OBJC_WEAK = YES;
				CLANG_WARN_BLOCK_CAPTURE_AUTORELEASING = YES;
				CLANG_WARN_BOOL_CONVERSION = YES;
				CLANG_WARN_COMMA = YES;
				CLANG_WARN_CONSTANT_CONVERSION = YES;
				CLANG_WARN_DEPRECATED_OBJC_IMPLEMENTATIONS = YES;
				CLANG_WARN_DIRECT_OBJC_ISA_USAGE = YES_ERROR;
				CLANG_WARN_DOCUMENTATION_COMMENTS = YES;
				CLANG_WARN_EMPTY_BODY = YES;
				CLANG_WARN_ENUM_CONVERSION = YES;
				CLANG_WARN_INFINITE_RECURSION = YES;
				CLANG_WARN_INT_CONVERSION = YES;
				CLANG_WARN_NON_LITERAL_NULL_CONVERSION = YES;
				CLANG_WARN_OBJC_IMPLICIT_RETAIN_SELF = YES;
				CLANG_WARN_OBJC_LITERAL_CONVERSION = YES;
				CLANG_WARN_OBJC_ROOT_CLASS = YES_ERROR;
				CLANG_WARN_RANGE_LOOP_ANALYSIS = YES;
				CLANG_WARN_STRICT_PROTOTYPES = YES;
				CLANG_WARN_SUSPICIOUS_MOVE = YES;
				CLANG_WARN_UNGUARDED_AVAILABILITY = YES_AGGRESSIVE;
				CLANG_WARN_UNREACHABLE_CODE = YES;
				CLANG_WARN__DUPLICATE_METHOD_MATCH = YES;
				CODE_SIGN_IDENTITY = "iPhone Developer";
				COPY_PHASE_STRIP = NO;
				DEBUG_INFORMATION_FORMAT = "dwarf-with-dsym";
				ENABLE_NS_ASSERTIONS = NO;
				ENABLE_STRICT_OBJC_MSGSEND = YES;
				GCC_C_LANGUAGE_STANDARD = gnu11;
				GCC_NO_COMMON_BLOCKS = YES;
				GCC_WARN_64_TO_32_BIT_CONVERSION = YES;
				GCC_WARN_ABOUT_RETURN_TYPE = YES_ERROR;
				GCC_WARN_UNDECLARED_SELECTOR = YES;
				GCC_WARN_UNINITIALIZED_AUTOS = YES_AGGRESSIVE;
				GCC_WARN_UNUSED_FUNCTION = YES;
				GCC_WARN_UNUSED_VARIABLE = YES;
				IPHONEOS_DEPLOYMENT_TARGET = 12.1;
				MTL_ENABLE_DEBUG_INFO = NO;
				MTL_FAST_MATH = YES;
				SDKROOT = iphoneos;
				SWIFT_COMPILATION_MODE = wholemodule;
				SWIFT_OPTIMIZATION_LEVEL = "-O";
				VALIDATE_PRODUCT = YES;
			};
			name = Release;
		};
		182B39F322CB5CD700D79C5D /* Debug */ = {
			isa = XCBuildConfiguration;
			buildSettings = {
				ASSETCATALOG_COMPILER_APPICON_NAME = AppIcon;
				CODE_SIGN_STYLE = Manual;
				DEVELOPMENT_TEAM = "";
				INFOPLIST_FILE = KPassCode/Info.plist;
				LD_RUNPATH_SEARCH_PATHS = (
					"$(inherited)",
					"@executable_path/Frameworks",
				);
				PRODUCT_BUNDLE_IDENTIFIER = com.kipl.KPassCode;
				PRODUCT_NAME = "$(TARGET_NAME)";
				PROVISIONING_PROFILE_SPECIFIER = "";
				SWIFT_VERSION = 4.2;
				TARGETED_DEVICE_FAMILY = "1,2";
			};
			name = Debug;
		};
		182B39F422CB5CD700D79C5D /* Release */ = {
			isa = XCBuildConfiguration;
			buildSettings = {
				ASSETCATALOG_COMPILER_APPICON_NAME = AppIcon;
				CODE_SIGN_STYLE = Manual;
				DEVELOPMENT_TEAM = "";
				INFOPLIST_FILE = KPassCode/Info.plist;
				LD_RUNPATH_SEARCH_PATHS = (
					"$(inherited)",
					"@executable_path/Frameworks",
				);
				PRODUCT_BUNDLE_IDENTIFIER = com.kipl.KPassCode;
				PRODUCT_NAME = "$(TARGET_NAME)";
				PROVISIONING_PROFILE_SPECIFIER = "";
				SWIFT_VERSION = 4.2;
				TARGETED_DEVICE_FAMILY = "1,2";
			};
			name = Release;
		};
/* End XCBuildConfiguration section */

/* Begin XCConfigurationList section */
		182B39DB22CB5CD600D79C5D /* Build configuration list for PBXProject "KPassCode" */ = {
			isa = XCConfigurationList;
			buildConfigurations = (
				182B39F022CB5CD700D79C5D /* Debug */,
				182B39F122CB5CD700D79C5D /* Release */,
			);
			defaultConfigurationIsVisible = 0;
			defaultConfigurationName = Release;
		};
		182B39F222CB5CD700D79C5D /* Build configuration list for PBXNativeTarget "KPassCode" */ = {
			isa = XCConfigurationList;
			buildConfigurations = (
				182B39F322CB5CD700D79C5D /* Debug */,
				182B39F422CB5CD700D79C5D /* Release */,
			);
			defaultConfigurationIsVisible = 0;
			defaultConfigurationName = Release;
		};
/* End XCConfigurationList section */
	};
	rootObject = 182B39D822CB5CD600D79C5D /* Project object */;
}
